dependencies:
  espressif/led_strip:
    component_hash: 28c6509a727ef74925b372ed404772aeedf11cce10b78c3f69b3c66799095e2d
    source:
      service_url: https://api.components.espressif.com/
      type: service
    version: 2.5.5
  idf:
    component_hash: null
    source:
      type: idf
    version: 5.3.1
manifest_hash: d7fab07bdfc44fc880fc55d22bc404a2e62a1772e4ab083e7f9089ba246a51aa
target: esp32c6
version: 1.0.0
